// !$*UTF8*$!
{
	archiveVersion = 1;
	classes = {
	};
	objectVersion = 55;
	objects = {

/* Begin PBXBuildFile section */
		70DEE1BB2875F5940045FC1E /* OrderCollectionViewCell.swift in Sources */ = {isa = PBXBuildFile; fileRef = 70DEE1BA2875F5940045FC1E /* OrderCollectionViewCell.swift */; };
		70DEE1BD2875F5A20045FC1E /* OrderViewController.swift in Sources */ = {isa = PBXBuildFile; fileRef = 70DEE1BC2875F5A20045FC1E /* OrderViewController.swift */; };
		70DEE1BF2875F5A80045FC1E /* PricedViewController.swift in Sources */ = {isa = PBXBuildFile; fileRef = 70DEE1BE2875F5A80045FC1E /* PricedViewController.swift */; };
		70DEE1C12875F5AE0045FC1E /* SelectedViewController.swift in Sources */ = {isa = PBXBuildFile; fileRef = 70DEE1C02875F5AE0045FC1E /* SelectedViewController.swift */; };
		70DEE1C52875F6CF0045FC1E /* Order.storyboard in Resources */ = {isa = PBXBuildFile; fileRef = 70DEE1C42875F6CF0045FC1E /* Order.storyboard */; };
		70DEE1C72875F7580045FC1E /* SelectedCollectionViewCell.swift in Sources */ = {isa = PBXBuildFile; fileRef = 70DEE1C62875F7580045FC1E /* SelectedCollectionViewCell.swift */; };
		70DEE1C92876B2C90045FC1E /* OrderViewModel.swift in Sources */ = {isa = PBXBuildFile; fileRef = 70DEE1C82876B2C90045FC1E /* OrderViewModel.swift */; };
		739505D6286CFF3500FC7CA5 /* ShoppingCart.storyboard in Resources */ = {isa = PBXBuildFile; fileRef = 739505D5286CFF3500FC7CA5 /* ShoppingCart.storyboard */; };
		73B3640128772DE700C84882 /* DBHelper.swift in Sources */ = {isa = PBXBuildFile; fileRef = 73B3640028772DE700C84882 /* DBHelper.swift */; };
		73DECABE286F514300D8259A /* ShoppingCartViewController.swift in Sources */ = {isa = PBXBuildFile; fileRef = 73DECABD286F514300D8259A /* ShoppingCartViewController.swift */; };
		73DECAC0286F521600D8259A /* ShoppingCartTableViewCell.swift in Sources */ = {isa = PBXBuildFile; fileRef = 73DECABF286F521600D8259A /* ShoppingCartTableViewCell.swift */; };
		73EA8ED5288586DD009BB261 /* CheckOutViewController.swift in Sources */ = {isa = PBXBuildFile; fileRef = 73EA8ED4288586DD009BB261 /* CheckOutViewController.swift */; };
		73EA8ED7288587D4009BB261 /* CheckOutTableViewCell.swift in Sources */ = {isa = PBXBuildFile; fileRef = 73EA8ED6288587D4009BB261 /* CheckOutTableViewCell.swift */; };
		841E9585286DFEBD0084B202 /* TabController.storyboard in Resources */ = {isa = PBXBuildFile; fileRef = 841E9584286DFEBD0084B202 /* TabController.storyboard */; };
		841E9587286E016B0084B202 /* HomePage.storyboard in Resources */ = {isa = PBXBuildFile; fileRef = 841E9586286E016B0084B202 /* HomePage.storyboard */; };
		841E9589286E0C010084B202 /* HomePageViewController.swift in Sources */ = {isa = PBXBuildFile; fileRef = 841E9588286E0C010084B202 /* HomePageViewController.swift */; };
		841E958B286E26720084B202 /* HomePageCategoryCollectionViewCell.swift in Sources */ = {isa = PBXBuildFile; fileRef = 841E958A286E26720084B202 /* HomePageCategoryCollectionViewCell.swift */; };
		841E958D286F28C20084B202 /* FeaturedCollectionViewCell.swift in Sources */ = {isa = PBXBuildFile; fileRef = 841E958C286F28C20084B202 /* FeaturedCollectionViewCell.swift */; };
		841E9590286F388C0084B202 /* HomePageModel.swift in Sources */ = {isa = PBXBuildFile; fileRef = 841E958F286F388C0084B202 /* HomePageModel.swift */; };
		841E9592286F38980084B202 /* HomePageViewModel.swift in Sources */ = {isa = PBXBuildFile; fileRef = 841E9591286F38980084B202 /* HomePageViewModel.swift */; };
		841E9594286F3A750084B202 /* Constants.swift in Sources */ = {isa = PBXBuildFile; fileRef = 841E9593286F3A750084B202 /* Constants.swift */; };
		841E95CC287883290084B202 /* SearchBarDelegateFile.swift in Sources */ = {isa = PBXBuildFile; fileRef = 841E95CB287883290084B202 /* SearchBarDelegateFile.swift */; };
		842DF1CE2875EF0C0096FAE2 /* SwiftUILoginView.swift in Sources */ = {isa = PBXBuildFile; fileRef = 842DF1CD2875EF0C0096FAE2 /* SwiftUILoginView.swift */; };
		842DF1D02875EF4D0096FAE2 /* SwiftUICreateAccountView.swift in Sources */ = {isa = PBXBuildFile; fileRef = 842DF1CF2875EF4D0096FAE2 /* SwiftUICreateAccountView.swift */; };
		842DF1D42875F01A0096FAE2 /* LoginViewController.swift in Sources */ = {isa = PBXBuildFile; fileRef = 842DF1D32875F01A0096FAE2 /* LoginViewController.swift */; };
		842DF1DD2875F0D50096FAE2 /* Login.storyboard in Resources */ = {isa = PBXBuildFile; fileRef = 842DF1DC2875F0D50096FAE2 /* Login.storyboard */; };
		842DF1E0287741290096FAE2 /* UserValidation.swift in Sources */ = {isa = PBXBuildFile; fileRef = 842DF1DF287741290096FAE2 /* UserValidation.swift */; };
		842DF1E228775AF10096FAE2 /* LoginSwiftUIViewController.swift in Sources */ = {isa = PBXBuildFile; fileRef = 842DF1E128775AF10096FAE2 /* LoginSwiftUIViewController.swift */; };
		842DF1E428775D440096FAE2 /* CreateAccountSwiftUIViewController.swift in Sources */ = {isa = PBXBuildFile; fileRef = 842DF1E328775D440096FAE2 /* CreateAccountSwiftUIViewController.swift */; };
		842DF22E287F79340096FAE2 /* EntryField.swift in Sources */ = {isa = PBXBuildFile; fileRef = 842DF22D287F79330096FAE2 /* EntryField.swift */; };
		84C14AD6286B94F6006BE029 /* AppDelegate.swift in Sources */ = {isa = PBXBuildFile; fileRef = 84C14AD5286B94F6006BE029 /* AppDelegate.swift */; };
		84C14AD8286B94F6006BE029 /* SceneDelegate.swift in Sources */ = {isa = PBXBuildFile; fileRef = 84C14AD7286B94F6006BE029 /* SceneDelegate.swift */; };
		84C14ADA286B94F6006BE029 /* ViewController.swift in Sources */ = {isa = PBXBuildFile; fileRef = 84C14AD9286B94F6006BE029 /* ViewController.swift */; };
		84C14ADD286B94F6006BE029 /* Main.storyboard in Resources */ = {isa = PBXBuildFile; fileRef = 84C14ADB286B94F6006BE029 /* Main.storyboard */; };
		84C14AE0286B94F6006BE029 /* PickAndPay.xcdatamodeld in Sources */ = {isa = PBXBuildFile; fileRef = 84C14ADE286B94F6006BE029 /* PickAndPay.xcdatamodeld */; };
		84C14AE2286B94F7006BE029 /* Assets.xcassets in Resources */ = {isa = PBXBuildFile; fileRef = 84C14AE1286B94F7006BE029 /* Assets.xcassets */; };
		84C14AE5286B94F7006BE029 /* LaunchScreen.storyboard in Resources */ = {isa = PBXBuildFile; fileRef = 84C14AE3286B94F7006BE029 /* LaunchScreen.storyboard */; };
		84C14AF0286B94F7006BE029 /* PickAndPayTests.swift in Sources */ = {isa = PBXBuildFile; fileRef = 84C14AEF286B94F7006BE029 /* PickAndPayTests.swift */; };
		84C14AFA286B94F7006BE029 /* PickAndPayUITests.swift in Sources */ = {isa = PBXBuildFile; fileRef = 84C14AF9286B94F7006BE029 /* PickAndPayUITests.swift */; };
		84C14AFC286B94F7006BE029 /* PickAndPayUITestsLaunchTests.swift in Sources */ = {isa = PBXBuildFile; fileRef = 84C14AFB286B94F7006BE029 /* PickAndPayUITestsLaunchTests.swift */; };
/* End PBXBuildFile section */

/* Begin PBXContainerItemProxy section */
		84C14AEC286B94F7006BE029 /* PBXContainerItemProxy */ = {
			isa = PBXContainerItemProxy;
			containerPortal = 84C14ACA286B94F6006BE029 /* Project object */;
			proxyType = 1;
			remoteGlobalIDString = 84C14AD1286B94F6006BE029;
			remoteInfo = PickAndPay;
		};
		84C14AF6286B94F7006BE029 /* PBXContainerItemProxy */ = {
			isa = PBXContainerItemProxy;
			containerPortal = 84C14ACA286B94F6006BE029 /* Project object */;
			proxyType = 1;
			remoteGlobalIDString = 84C14AD1286B94F6006BE029;
			remoteInfo = PickAndPay;
		};
/* End PBXContainerItemProxy section */

/* Begin PBXFileReference section */
		70DEE1BA2875F5940045FC1E /* OrderCollectionViewCell.swift */ = {isa = PBXFileReference; fileEncoding = 4; lastKnownFileType = sourcecode.swift; path = OrderCollectionViewCell.swift; sourceTree = "<group>"; };
		70DEE1BC2875F5A20045FC1E /* OrderViewController.swift */ = {isa = PBXFileReference; fileEncoding = 4; lastKnownFileType = sourcecode.swift; path = OrderViewController.swift; sourceTree = "<group>"; };
		70DEE1BE2875F5A80045FC1E /* PricedViewController.swift */ = {isa = PBXFileReference; fileEncoding = 4; lastKnownFileType = sourcecode.swift; path = PricedViewController.swift; sourceTree = "<group>"; };
		70DEE1C02875F5AE0045FC1E /* SelectedViewController.swift */ = {isa = PBXFileReference; fileEncoding = 4; lastKnownFileType = sourcecode.swift; path = SelectedViewController.swift; sourceTree = "<group>"; };
		70DEE1C42875F6CF0045FC1E /* Order.storyboard */ = {isa = PBXFileReference; fileEncoding = 4; lastKnownFileType = file.storyboard; path = Order.storyboard; sourceTree = "<group>"; };
		70DEE1C62875F7580045FC1E /* SelectedCollectionViewCell.swift */ = {isa = PBXFileReference; fileEncoding = 4; lastKnownFileType = sourcecode.swift; path = SelectedCollectionViewCell.swift; sourceTree = "<group>"; };
		70DEE1C82876B2C90045FC1E /* OrderViewModel.swift */ = {isa = PBXFileReference; lastKnownFileType = sourcecode.swift; path = OrderViewModel.swift; sourceTree = "<group>"; };
		739505D5286CFF3500FC7CA5 /* ShoppingCart.storyboard */ = {isa = PBXFileReference; lastKnownFileType = file.storyboard; path = ShoppingCart.storyboard; sourceTree = "<group>"; };
		73B3640028772DE700C84882 /* DBHelper.swift */ = {isa = PBXFileReference; lastKnownFileType = sourcecode.swift; path = DBHelper.swift; sourceTree = "<group>"; };
		73DECABD286F514300D8259A /* ShoppingCartViewController.swift */ = {isa = PBXFileReference; lastKnownFileType = sourcecode.swift; path = ShoppingCartViewController.swift; sourceTree = "<group>"; };
		73DECABF286F521600D8259A /* ShoppingCartTableViewCell.swift */ = {isa = PBXFileReference; lastKnownFileType = sourcecode.swift; path = ShoppingCartTableViewCell.swift; sourceTree = "<group>"; };
		73EA8ED4288586DD009BB261 /* CheckOutViewController.swift */ = {isa = PBXFileReference; lastKnownFileType = sourcecode.swift; path = CheckOutViewController.swift; sourceTree = "<group>"; };
		73EA8ED6288587D4009BB261 /* CheckOutTableViewCell.swift */ = {isa = PBXFileReference; lastKnownFileType = sourcecode.swift; path = CheckOutTableViewCell.swift; sourceTree = "<group>"; };
		841E9584286DFEBD0084B202 /* TabController.storyboard */ = {isa = PBXFileReference; lastKnownFileType = file.storyboard; path = TabController.storyboard; sourceTree = "<group>"; };
		841E9586286E016B0084B202 /* HomePage.storyboard */ = {isa = PBXFileReference; lastKnownFileType = file.storyboard; path = HomePage.storyboard; sourceTree = "<group>"; };
		841E9588286E0C010084B202 /* HomePageViewController.swift */ = {isa = PBXFileReference; lastKnownFileType = sourcecode.swift; path = HomePageViewController.swift; sourceTree = "<group>"; };
		841E958A286E26720084B202 /* HomePageCategoryCollectionViewCell.swift */ = {isa = PBXFileReference; lastKnownFileType = sourcecode.swift; path = HomePageCategoryCollectionViewCell.swift; sourceTree = "<group>"; };
		841E958C286F28C20084B202 /* FeaturedCollectionViewCell.swift */ = {isa = PBXFileReference; lastKnownFileType = sourcecode.swift; path = FeaturedCollectionViewCell.swift; sourceTree = "<group>"; };
		841E958F286F388C0084B202 /* HomePageModel.swift */ = {isa = PBXFileReference; lastKnownFileType = sourcecode.swift; path = HomePageModel.swift; sourceTree = "<group>"; };
		841E9591286F38980084B202 /* HomePageViewModel.swift */ = {isa = PBXFileReference; lastKnownFileType = sourcecode.swift; path = HomePageViewModel.swift; sourceTree = "<group>"; };
		841E9593286F3A750084B202 /* Constants.swift */ = {isa = PBXFileReference; lastKnownFileType = sourcecode.swift; path = Constants.swift; sourceTree = "<group>"; };
		841E95CB287883290084B202 /* SearchBarDelegateFile.swift */ = {isa = PBXFileReference; lastKnownFileType = sourcecode.swift; path = SearchBarDelegateFile.swift; sourceTree = "<group>"; };
		842DF1CD2875EF0C0096FAE2 /* SwiftUILoginView.swift */ = {isa = PBXFileReference; lastKnownFileType = sourcecode.swift; path = SwiftUILoginView.swift; sourceTree = "<group>"; };
		842DF1CF2875EF4D0096FAE2 /* SwiftUICreateAccountView.swift */ = {isa = PBXFileReference; lastKnownFileType = sourcecode.swift; path = SwiftUICreateAccountView.swift; sourceTree = "<group>"; };
		842DF1D32875F01A0096FAE2 /* LoginViewController.swift */ = {isa = PBXFileReference; fileEncoding = 4; lastKnownFileType = sourcecode.swift; path = LoginViewController.swift; sourceTree = "<group>"; };
		842DF1DC2875F0D50096FAE2 /* Login.storyboard */ = {isa = PBXFileReference; fileEncoding = 4; lastKnownFileType = file.storyboard; path = Login.storyboard; sourceTree = "<group>"; };
		842DF1DF287741290096FAE2 /* UserValidation.swift */ = {isa = PBXFileReference; lastKnownFileType = sourcecode.swift; path = UserValidation.swift; sourceTree = "<group>"; };
		842DF1E128775AF10096FAE2 /* LoginSwiftUIViewController.swift */ = {isa = PBXFileReference; lastKnownFileType = sourcecode.swift; path = LoginSwiftUIViewController.swift; sourceTree = "<group>"; };
		842DF1E328775D440096FAE2 /* CreateAccountSwiftUIViewController.swift */ = {isa = PBXFileReference; lastKnownFileType = sourcecode.swift; path = CreateAccountSwiftUIViewController.swift; sourceTree = "<group>"; };
		842DF22D287F79330096FAE2 /* EntryField.swift */ = {isa = PBXFileReference; lastKnownFileType = sourcecode.swift; path = EntryField.swift; sourceTree = "<group>"; };
		84C14AD2286B94F6006BE029 /* PickAndPay.app */ = {isa = PBXFileReference; explicitFileType = wrapper.application; includeInIndex = 0; path = PickAndPay.app; sourceTree = BUILT_PRODUCTS_DIR; };
		84C14AD5286B94F6006BE029 /* AppDelegate.swift */ = {isa = PBXFileReference; lastKnownFileType = sourcecode.swift; path = AppDelegate.swift; sourceTree = "<group>"; };
		84C14AD7286B94F6006BE029 /* SceneDelegate.swift */ = {isa = PBXFileReference; lastKnownFileType = sourcecode.swift; path = SceneDelegate.swift; sourceTree = "<group>"; };
		84C14AD9286B94F6006BE029 /* ViewController.swift */ = {isa = PBXFileReference; lastKnownFileType = sourcecode.swift; path = ViewController.swift; sourceTree = "<group>"; };
		84C14ADC286B94F6006BE029 /* Base */ = {isa = PBXFileReference; lastKnownFileType = file.storyboard; name = Base; path = Base.lproj/Main.storyboard; sourceTree = "<group>"; };
		84C14ADF286B94F6006BE029 /* PickAndPay.xcdatamodel */ = {isa = PBXFileReference; lastKnownFileType = wrapper.xcdatamodel; path = PickAndPay.xcdatamodel; sourceTree = "<group>"; };
		84C14AE1286B94F7006BE029 /* Assets.xcassets */ = {isa = PBXFileReference; lastKnownFileType = folder.assetcatalog; path = Assets.xcassets; sourceTree = "<group>"; };
		84C14AE4286B94F7006BE029 /* Base */ = {isa = PBXFileReference; lastKnownFileType = file.storyboard; name = Base; path = Base.lproj/LaunchScreen.storyboard; sourceTree = "<group>"; };
		84C14AE6286B94F7006BE029 /* Info.plist */ = {isa = PBXFileReference; lastKnownFileType = text.plist.xml; path = Info.plist; sourceTree = "<group>"; };
		84C14AEB286B94F7006BE029 /* PickAndPayTests.xctest */ = {isa = PBXFileReference; explicitFileType = wrapper.cfbundle; includeInIndex = 0; path = PickAndPayTests.xctest; sourceTree = BUILT_PRODUCTS_DIR; };
		84C14AEF286B94F7006BE029 /* PickAndPayTests.swift */ = {isa = PBXFileReference; lastKnownFileType = sourcecode.swift; path = PickAndPayTests.swift; sourceTree = "<group>"; };
		84C14AF5286B94F7006BE029 /* PickAndPayUITests.xctest */ = {isa = PBXFileReference; explicitFileType = wrapper.cfbundle; includeInIndex = 0; path = PickAndPayUITests.xctest; sourceTree = BUILT_PRODUCTS_DIR; };
		84C14AF9286B94F7006BE029 /* PickAndPayUITests.swift */ = {isa = PBXFileReference; lastKnownFileType = sourcecode.swift; path = PickAndPayUITests.swift; sourceTree = "<group>"; };
		84C14AFB286B94F7006BE029 /* PickAndPayUITestsLaunchTests.swift */ = {isa = PBXFileReference; lastKnownFileType = sourcecode.swift; path = PickAndPayUITestsLaunchTests.swift; sourceTree = "<group>"; };
/* End PBXFileReference section */

/* Begin PBXFrameworksBuildPhase section */
		84C14ACF286B94F6006BE029 /* Frameworks */ = {
			isa = PBXFrameworksBuildPhase;
			buildActionMask = 2147483647;
			files = (
			);
			runOnlyForDeploymentPostprocessing = 0;
		};
		84C14AE8286B94F7006BE029 /* Frameworks */ = {
			isa = PBXFrameworksBuildPhase;
			buildActionMask = 2147483647;
			files = (
			);
			runOnlyForDeploymentPostprocessing = 0;
		};
		84C14AF2286B94F7006BE029 /* Frameworks */ = {
			isa = PBXFrameworksBuildPhase;
			buildActionMask = 2147483647;
			files = (
			);
			runOnlyForDeploymentPostprocessing = 0;
		};
/* End PBXFrameworksBuildPhase section */

/* Begin PBXGroup section */
		70DEE1B92875F5630045FC1E /* ProductPage */ = {
			isa = PBXGroup;
			children = (
				70DEE1C02875F5AE0045FC1E /* SelectedViewController.swift */,
				70DEE1C62875F7580045FC1E /* SelectedCollectionViewCell.swift */,
				70DEE1BE2875F5A80045FC1E /* PricedViewController.swift */,
				70DEE1BC2875F5A20045FC1E /* OrderViewController.swift */,
				70DEE1BA2875F5940045FC1E /* OrderCollectionViewCell.swift */,
				70DEE1C82876B2C90045FC1E /* OrderViewModel.swift */,
			);
			path = ProductPage;
			sourceTree = "<group>";
		};
		73B364022878955400C84882 /* ShoppingCartPage */ = {
			isa = PBXGroup;
			children = (
				73DECABD286F514300D8259A /* ShoppingCartViewController.swift */,
				73DECABF286F521600D8259A /* ShoppingCartTableViewCell.swift */,
				73EA8ED4288586DD009BB261 /* CheckOutViewController.swift */,
				73EA8ED6288587D4009BB261 /* CheckOutTableViewCell.swift */,
			);
			path = ShoppingCartPage;
			sourceTree = "<group>";
		};
		841E958E286F386F0084B202 /* HomePage */ = {
			isa = PBXGroup;
			children = (
				841E958C286F28C20084B202 /* FeaturedCollectionViewCell.swift */,
				841E9588286E0C010084B202 /* HomePageViewController.swift */,
				841E958A286E26720084B202 /* HomePageCategoryCollectionViewCell.swift */,
				841E9586286E016B0084B202 /* HomePage.storyboard */,
				841E958F286F388C0084B202 /* HomePageModel.swift */,
				841E9591286F38980084B202 /* HomePageViewModel.swift */,
				841E95CB287883290084B202 /* SearchBarDelegateFile.swift */,
			);
			path = HomePage;
			sourceTree = "<group>";
		};
		842DF1DE2875F1B20096FAE2 /* LoginPage */ = {
			isa = PBXGroup;
			children = (
				842DF1DC2875F0D50096FAE2 /* Login.storyboard */,
				842DF1E328775D440096FAE2 /* CreateAccountSwiftUIViewController.swift */,
				842DF1E128775AF10096FAE2 /* LoginSwiftUIViewController.swift */,
				842DF1D32875F01A0096FAE2 /* LoginViewController.swift */,
				842DF1DF287741290096FAE2 /* UserValidation.swift */,
				842DF22D287F79330096FAE2 /* EntryField.swift */,
				842DF1CF2875EF4D0096FAE2 /* SwiftUICreateAccountView.swift */,
				842DF1CD2875EF0C0096FAE2 /* SwiftUILoginView.swift */,
			);
			path = LoginPage;
			sourceTree = "<group>";
		};
		84C14AC9286B94F6006BE029 = {
			isa = PBXGroup;
			children = (
				84C14AD4286B94F6006BE029 /* PickAndPay */,
				84C14AEE286B94F7006BE029 /* PickAndPayTests */,
				84C14AF8286B94F7006BE029 /* PickAndPayUITests */,
				84C14AD3286B94F6006BE029 /* Products */,
			);
			sourceTree = "<group>";
		};
		84C14AD3286B94F6006BE029 /* Products */ = {
			isa = PBXGroup;
			children = (
				84C14AD2286B94F6006BE029 /* PickAndPay.app */,
				84C14AEB286B94F7006BE029 /* PickAndPayTests.xctest */,
				84C14AF5286B94F7006BE029 /* PickAndPayUITests.xctest */,
			);
			name = Products;
			sourceTree = "<group>";
		};
		84C14AD4286B94F6006BE029 /* PickAndPay */ = {
			isa = PBXGroup;
			children = (
				73B364022878955400C84882 /* ShoppingCartPage */,
				70DEE1B92875F5630045FC1E /* ProductPage */,
				84C14AD5286B94F6006BE029 /* AppDelegate.swift */,
				84C14AD7286B94F6006BE029 /* SceneDelegate.swift */,
				84C14AD9286B94F6006BE029 /* ViewController.swift */,
				73B3640028772DE700C84882 /* DBHelper.swift */,
				84C14ADB286B94F6006BE029 /* Main.storyboard */,
				739505D5286CFF3500FC7CA5 /* ShoppingCart.storyboard */,
				70DEE1C42875F6CF0045FC1E /* Order.storyboard */,
				84C14AE1286B94F7006BE029 /* Assets.xcassets */,
				84C14AE3286B94F7006BE029 /* LaunchScreen.storyboard */,
				84C14AE6286B94F7006BE029 /* Info.plist */,
				84C14ADE286B94F6006BE029 /* PickAndPay.xcdatamodeld */,
				841E9584286DFEBD0084B202 /* TabController.storyboard */,
				841E9593286F3A750084B202 /* Constants.swift */,
				842DF1DE2875F1B20096FAE2 /* LoginPage */,
				841E958E286F386F0084B202 /* HomePage */,
			);
			path = PickAndPay;
			sourceTree = "<group>";
		};
		84C14AEE286B94F7006BE029 /* PickAndPayTests */ = {
			isa = PBXGroup;
			children = (
				84C14AEF286B94F7006BE029 /* PickAndPayTests.swift */,
			);
			path = PickAndPayTests;
			sourceTree = "<group>";
		};
		84C14AF8286B94F7006BE029 /* PickAndPayUITests */ = {
			isa = PBXGroup;
			children = (
				84C14AF9286B94F7006BE029 /* PickAndPayUITests.swift */,
				84C14AFB286B94F7006BE029 /* PickAndPayUITestsLaunchTests.swift */,
			);
			path = PickAndPayUITests;
			sourceTree = "<group>";
		};
/* End PBXGroup section */

/* Begin PBXNativeTarget section */
		84C14AD1286B94F6006BE029 /* PickAndPay */ = {
			isa = PBXNativeTarget;
			buildConfigurationList = 84C14AFF286B94F7006BE029 /* Build configuration list for PBXNativeTarget "PickAndPay" */;
			buildPhases = (
				84C14ACE286B94F6006BE029 /* Sources */,
				84C14ACF286B94F6006BE029 /* Frameworks */,
				84C14AD0286B94F6006BE029 /* Resources */,
			);
			buildRules = (
			);
			dependencies = (
			);
			name = PickAndPay;
			productName = PickAndPay;
			productReference = 84C14AD2286B94F6006BE029 /* PickAndPay.app */;
			productType = "com.apple.product-type.application";
		};
		84C14AEA286B94F7006BE029 /* PickAndPayTests */ = {
			isa = PBXNativeTarget;
			buildConfigurationList = 84C14B02286B94F7006BE029 /* Build configuration list for PBXNativeTarget "PickAndPayTests" */;
			buildPhases = (
				84C14AE7286B94F7006BE029 /* Sources */,
				84C14AE8286B94F7006BE029 /* Frameworks */,
				84C14AE9286B94F7006BE029 /* Resources */,
			);
			buildRules = (
			);
			dependencies = (
				84C14AED286B94F7006BE029 /* PBXTargetDependency */,
			);
			name = PickAndPayTests;
			productName = PickAndPayTests;
			productReference = 84C14AEB286B94F7006BE029 /* PickAndPayTests.xctest */;
			productType = "com.apple.product-type.bundle.unit-test";
		};
		84C14AF4286B94F7006BE029 /* PickAndPayUITests */ = {
			isa = PBXNativeTarget;
			buildConfigurationList = 84C14B05286B94F7006BE029 /* Build configuration list for PBXNativeTarget "PickAndPayUITests" */;
			buildPhases = (
				84C14AF1286B94F7006BE029 /* Sources */,
				84C14AF2286B94F7006BE029 /* Frameworks */,
				84C14AF3286B94F7006BE029 /* Resources */,
			);
			buildRules = (
			);
			dependencies = (
				84C14AF7286B94F7006BE029 /* PBXTargetDependency */,
			);
			name = PickAndPayUITests;
			productName = PickAndPayUITests;
			productReference = 84C14AF5286B94F7006BE029 /* PickAndPayUITests.xctest */;
			productType = "com.apple.product-type.bundle.ui-testing";
		};
/* End PBXNativeTarget section */

/* Begin PBXProject section */
		84C14ACA286B94F6006BE029 /* Project object */ = {
			isa = PBXProject;
			attributes = {
				BuildIndependentTargetsInParallel = 1;
				LastSwiftUpdateCheck = 1330;
				LastUpgradeCheck = 1330;
				TargetAttributes = {
					84C14AD1286B94F6006BE029 = {
						CreatedOnToolsVersion = 13.3;
					};
					84C14AEA286B94F7006BE029 = {
						CreatedOnToolsVersion = 13.3;
						TestTargetID = 84C14AD1286B94F6006BE029;
					};
					84C14AF4286B94F7006BE029 = {
						CreatedOnToolsVersion = 13.3;
						TestTargetID = 84C14AD1286B94F6006BE029;
					};
				};
			};
			buildConfigurationList = 84C14ACD286B94F6006BE029 /* Build configuration list for PBXProject "PickAndPay" */;
			compatibilityVersion = "Xcode 13.0";
			developmentRegion = en;
			hasScannedForEncodings = 0;
			knownRegions = (
				en,
				Base,
			);
			mainGroup = 84C14AC9286B94F6006BE029;
			productRefGroup = 84C14AD3286B94F6006BE029 /* Products */;
			projectDirPath = "";
			projectRoot = "";
			targets = (
				84C14AD1286B94F6006BE029 /* PickAndPay */,
				84C14AEA286B94F7006BE029 /* PickAndPayTests */,
				84C14AF4286B94F7006BE029 /* PickAndPayUITests */,
			);
		};
/* End PBXProject section */

/* Begin PBXResourcesBuildPhase section */
		84C14AD0286B94F6006BE029 /* Resources */ = {
			isa = PBXResourcesBuildPhase;
			buildActionMask = 2147483647;
			files = (
				739505D6286CFF3500FC7CA5 /* ShoppingCart.storyboard in Resources */,
				84C14AE5286B94F7006BE029 /* LaunchScreen.storyboard in Resources */,
				842DF1DD2875F0D50096FAE2 /* Login.storyboard in Resources */,
				70DEE1C52875F6CF0045FC1E /* Order.storyboard in Resources */,
				841E9587286E016B0084B202 /* HomePage.storyboard in Resources */,
				84C14AE2286B94F7006BE029 /* Assets.xcassets in Resources */,
				841E9585286DFEBD0084B202 /* TabController.storyboard in Resources */,
				84C14ADD286B94F6006BE029 /* Main.storyboard in Resources */,
			);
			runOnlyForDeploymentPostprocessing = 0;
		};
		84C14AE9286B94F7006BE029 /* Resources */ = {
			isa = PBXResourcesBuildPhase;
			buildActionMask = 2147483647;
			files = (
			);
			runOnlyForDeploymentPostprocessing = 0;
		};
		84C14AF3286B94F7006BE029 /* Resources */ = {
			isa = PBXResourcesBuildPhase;
			buildActionMask = 2147483647;
			files = (
			);
			runOnlyForDeploymentPostprocessing = 0;
		};
/* End PBXResourcesBuildPhase section */

/* Begin PBXSourcesBuildPhase section */
		84C14ACE286B94F6006BE029 /* Sources */ = {
			isa = PBXSourcesBuildPhase;
			buildActionMask = 2147483647;
			files = (
				842DF1E0287741290096FAE2 /* UserValidation.swift in Sources */,
				84C14ADA286B94F6006BE029 /* ViewController.swift in Sources */,
				70DEE1C92876B2C90045FC1E /* OrderViewModel.swift in Sources */,
				84C14AD6286B94F6006BE029 /* AppDelegate.swift in Sources */,
				841E9592286F38980084B202 /* HomePageViewModel.swift in Sources */,
				842DF1E228775AF10096FAE2 /* LoginSwiftUIViewController.swift in Sources */,
				842DF1D42875F01A0096FAE2 /* LoginViewController.swift in Sources */,
				841E958B286E26720084B202 /* HomePageCategoryCollectionViewCell.swift in Sources */,
				70DEE1C12875F5AE0045FC1E /* SelectedViewController.swift in Sources */,
				842DF1D02875EF4D0096FAE2 /* SwiftUICreateAccountView.swift in Sources */,
				84C14AD8286B94F6006BE029 /* SceneDelegate.swift in Sources */,
				841E9594286F3A750084B202 /* Constants.swift in Sources */,
				70DEE1BD2875F5A20045FC1E /* OrderViewController.swift in Sources */,
				73DECAC0286F521600D8259A /* ShoppingCartTableViewCell.swift in Sources */,
				73B3640128772DE700C84882 /* DBHelper.swift in Sources */,
				841E9589286E0C010084B202 /* HomePageViewController.swift in Sources */,
				73EA8ED7288587D4009BB261 /* CheckOutTableViewCell.swift in Sources */,
				842DF1E428775D440096FAE2 /* CreateAccountSwiftUIViewController.swift in Sources */,
				70DEE1C72875F7580045FC1E /* SelectedCollectionViewCell.swift in Sources */,
				841E95CC287883290084B202 /* SearchBarDelegateFile.swift in Sources */,
				841E9590286F388C0084B202 /* HomePageModel.swift in Sources */,
				70DEE1BB2875F5940045FC1E /* OrderCollectionViewCell.swift in Sources */,
				842DF1CE2875EF0C0096FAE2 /* SwiftUILoginView.swift in Sources */,
				84C14AE0286B94F6006BE029 /* PickAndPay.xcdatamodeld in Sources */,
				841E958D286F28C20084B202 /* FeaturedCollectionViewCell.swift in Sources */,
				73EA8ED5288586DD009BB261 /* CheckOutViewController.swift in Sources */,
				73DECABE286F514300D8259A /* ShoppingCartViewController.swift in Sources */,
				842DF22E287F79340096FAE2 /* EntryField.swift in Sources */,
				70DEE1BF2875F5A80045FC1E /* PricedViewController.swift in Sources */,
			);
			runOnlyForDeploymentPostprocessing = 0;
		};
		84C14AE7286B94F7006BE029 /* Sources */ = {
			isa = PBXSourcesBuildPhase;
			buildActionMask = 2147483647;
			files = (
				84C14AF0286B94F7006BE029 /* PickAndPayTests.swift in Sources */,
			);
			runOnlyForDeploymentPostprocessing = 0;
		};
		84C14AF1286B94F7006BE029 /* Sources */ = {
			isa = PBXSourcesBuildPhase;
			buildActionMask = 2147483647;
			files = (
				84C14AFC286B94F7006BE029 /* PickAndPayUITestsLaunchTests.swift in Sources */,
				84C14AFA286B94F7006BE029 /* PickAndPayUITests.swift in Sources */,
			);
			runOnlyForDeploymentPostprocessing = 0;
		};
/* End PBXSourcesBuildPhase section */

/* Begin PBXTargetDependency section */
		84C14AED286B94F7006BE029 /* PBXTargetDependency */ = {
			isa = PBXTargetDependency;
			target = 84C14AD1286B94F6006BE029 /* PickAndPay */;
			targetProxy = 84C14AEC286B94F7006BE029 /* PBXContainerItemProxy */;
		};
		84C14AF7286B94F7006BE029 /* PBXTargetDependency */ = {
			isa = PBXTargetDependency;
			target = 84C14AD1286B94F6006BE029 /* PickAndPay */;
			targetProxy = 84C14AF6286B94F7006BE029 /* PBXContainerItemProxy */;
		};
/* End PBXTargetDependency section */

/* Begin PBXVariantGroup section */
		84C14ADB286B94F6006BE029 /* Main.storyboard */ = {
			isa = PBXVariantGroup;
			children = (
				84C14ADC286B94F6006BE029 /* Base */,
			);
			name = Main.storyboard;
			sourceTree = "<group>";
		};
		84C14AE3286B94F7006BE029 /* LaunchScreen.storyboard */ = {
			isa = PBXVariantGroup;
			children = (
				84C14AE4286B94F7006BE029 /* Base */,
			);
			name = LaunchScreen.storyboard;
			sourceTree = "<group>";
		};
/* End PBXVariantGroup section */

/* Begin XCBuildConfiguration section */
		84C14AFD286B94F7006BE029 /* Debug */ = {
			isa = XCBuildConfiguration;
			buildSettings = {
				ALWAYS_SEARCH_USER_PATHS = NO;
				CLANG_ANALYZER_NONNULL = YES;
				CLANG_ANALYZER_NUMBER_OBJECT_CONVERSION = YES_AGGRESSIVE;
				CLANG_CXX_LANGUAGE_STANDARD = "gnu++17";
				CLANG_ENABLE_MODULES = YES;
				CLANG_ENABLE_OBJC_ARC = YES;
				CLANG_ENABLE_OBJC_WEAK = YES;
				CLANG_WARN_BLOCK_CAPTURE_AUTORELEASING = YES;
				CLANG_WARN_BOOL_CONVERSION = YES;
				CLANG_WARN_COMMA = YES;
				CLANG_WARN_CONSTANT_CONVERSION = YES;
				CLANG_WARN_DEPRECATED_OBJC_IMPLEMENTATIONS = YES;
				CLANG_WARN_DIRECT_OBJC_ISA_USAGE = YES_ERROR;
				CLANG_WARN_DOCUMENTATION_COMMENTS = YES;
				CLANG_WARN_EMPTY_BODY = YES;
				CLANG_WARN_ENUM_CONVERSION = YES;
				CLANG_WARN_INFINITE_RECURSION = YES;
				CLANG_WARN_INT_CONVERSION = YES;
				CLANG_WARN_NON_LITERAL_NULL_CONVERSION = YES;
				CLANG_WARN_OBJC_IMPLICIT_RETAIN_SELF = YES;
				CLANG_WARN_OBJC_LITERAL_CONVERSION = YES;
				CLANG_WARN_OBJC_ROOT_CLASS = YES_ERROR;
				CLANG_WARN_QUOTED_INCLUDE_IN_FRAMEWORK_HEADER = YES;
				CLANG_WARN_RANGE_LOOP_ANALYSIS = YES;
				CLANG_WARN_STRICT_PROTOTYPES = YES;
				CLANG_WARN_SUSPICIOUS_MOVE = YES;
				CLANG_WARN_UNGUARDED_AVAILABILITY = YES_AGGRESSIVE;
				CLANG_WARN_UNREACHABLE_CODE = YES;
				CLANG_WARN__DUPLICATE_METHOD_MATCH = YES;
				COPY_PHASE_STRIP = NO;
				DEBUG_INFORMATION_FORMAT = dwarf;
				ENABLE_STRICT_OBJC_MSGSEND = YES;
				ENABLE_TESTABILITY = YES;
				GCC_C_LANGUAGE_STANDARD = gnu11;
				GCC_DYNAMIC_NO_PIC = NO;
				GCC_NO_COMMON_BLOCKS = YES;
				GCC_OPTIMIZATION_LEVEL = 0;
				GCC_PREPROCESSOR_DEFINITIONS = (
					"DEBUG=1",
					"$(inherited)",
				);
				GCC_WARN_64_TO_32_BIT_CONVERSION = YES;
				GCC_WARN_ABOUT_RETURN_TYPE = YES_ERROR;
				GCC_WARN_UNDECLARED_SELECTOR = YES;
				GCC_WARN_UNINITIALIZED_AUTOS = YES_AGGRESSIVE;
				GCC_WARN_UNUSED_FUNCTION = YES;
				GCC_WARN_UNUSED_VARIABLE = YES;
				IPHONEOS_DEPLOYMENT_TARGET = 15.4;
				MTL_ENABLE_DEBUG_INFO = INCLUDE_SOURCE;
				MTL_FAST_MATH = YES;
				ONLY_ACTIVE_ARCH = YES;
				SDKROOT = iphoneos;
				SWIFT_ACTIVE_COMPILATION_CONDITIONS = DEBUG;
				SWIFT_OPTIMIZATION_LEVEL = "-Onone";
			};
			name = Debug;
		};
		84C14AFE286B94F7006BE029 /* Release */ = {
			isa = XCBuildConfiguration;
			buildSettings = {
				ALWAYS_SEARCH_USER_PATHS = NO;
				CLANG_ANALYZER_NONNULL = YES;
				CLANG_ANALYZER_NUMBER_OBJECT_CONVERSION = YES_AGGRESSIVE;
				CLANG_CXX_LANGUAGE_STANDARD = "gnu++17";
				CLANG_ENABLE_MODULES = YES;
				CLANG_ENABLE_OBJC_ARC = YES;
				CLANG_ENABLE_OBJC_WEAK = YES;
				CLANG_WARN_BLOCK_CAPTURE_AUTORELEASING = YES;
				CLANG_WARN_BOOL_CONVERSION = YES;
				CLANG_WARN_COMMA = YES;
				CLANG_WARN_CONSTANT_CONVERSION = YES;
				CLANG_WARN_DEPRECATED_OBJC_IMPLEMENTATIONS = YES;
				CLANG_WARN_DIRECT_OBJC_ISA_USAGE = YES_ERROR;
				CLANG_WARN_DOCUMENTATION_COMMENTS = YES;
				CLANG_WARN_EMPTY_BODY = YES;
				CLANG_WARN_ENUM_CONVERSION = YES;
				CLANG_WARN_INFINITE_RECURSION = YES;
				CLANG_WARN_INT_CONVERSION = YES;
				CLANG_WARN_NON_LITERAL_NULL_CONVERSION = YES;
				CLANG_WARN_OBJC_IMPLICIT_RETAIN_SELF = YES;
				CLANG_WARN_OBJC_LITERAL_CONVERSION = YES;
				CLANG_WARN_OBJC_ROOT_CLASS = YES_ERROR;
				CLANG_WARN_QUOTED_INCLUDE_IN_FRAMEWORK_HEADER = YES;
				CLANG_WARN_RANGE_LOOP_ANALYSIS = YES;
				CLANG_WARN_STRICT_PROTOTYPES = YES;
				CLANG_WARN_SUSPICIOUS_MOVE = YES;
				CLANG_WARN_UNGUARDED_AVAILABILITY = YES_AGGRESSIVE;
				CLANG_WARN_UNREACHABLE_CODE = YES;
				CLANG_WARN__DUPLICATE_METHOD_MATCH = YES;
				COPY_PHASE_STRIP = NO;
				DEBUG_INFORMATION_FORMAT = "dwarf-with-dsym";
				ENABLE_NS_ASSERTIONS = NO;
				ENABLE_STRICT_OBJC_MSGSEND = YES;
				GCC_C_LANGUAGE_STANDARD = gnu11;
				GCC_NO_COMMON_BLOCKS = YES;
				GCC_WARN_64_TO_32_BIT_CONVERSION = YES;
				GCC_WARN_ABOUT_RETURN_TYPE = YES_ERROR;
				GCC_WARN_UNDECLARED_SELECTOR = YES;
				GCC_WARN_UNINITIALIZED_AUTOS = YES_AGGRESSIVE;
				GCC_WARN_UNUSED_FUNCTION = YES;
				GCC_WARN_UNUSED_VARIABLE = YES;
				IPHONEOS_DEPLOYMENT_TARGET = 15.4;
				MTL_ENABLE_DEBUG_INFO = NO;
				MTL_FAST_MATH = YES;
				SDKROOT = iphoneos;
				SWIFT_COMPILATION_MODE = wholemodule;
				SWIFT_OPTIMIZATION_LEVEL = "-O";
				VALIDATE_PRODUCT = YES;
			};
			name = Release;
		};
		84C14B00286B94F7006BE029 /* Debug */ = {
			isa = XCBuildConfiguration;
			buildSettings = {
				ASSETCATALOG_COMPILER_APPICON_NAME = AppIcon;
				ASSETCATALOG_COMPILER_GLOBAL_ACCENT_COLOR_NAME = AccentColor;
				CODE_SIGN_STYLE = Automatic;
				CURRENT_PROJECT_VERSION = 1;
				DEVELOPMENT_TEAM = P2DNVYD8J6;
				GENERATE_INFOPLIST_FILE = YES;
				INFOPLIST_FILE = PickAndPay/Info.plist;
				INFOPLIST_KEY_UIApplicationSupportsIndirectInputEvents = YES;
				INFOPLIST_KEY_UILaunchStoryboardName = LaunchScreen;
				INFOPLIST_KEY_UIMainStoryboardFile = TabController;
				INFOPLIST_KEY_UISupportedInterfaceOrientations_iPad = "UIInterfaceOrientationPortrait UIInterfaceOrientationPortraitUpsideDown UIInterfaceOrientationLandscapeLeft UIInterfaceOrientationLandscapeRight";
				INFOPLIST_KEY_UISupportedInterfaceOrientations_iPhone = "UIInterfaceOrientationPortrait UIInterfaceOrientationLandscapeLeft UIInterfaceOrientationLandscapeRight";
				LD_RUNPATH_SEARCH_PATHS = (
					"$(inherited)",
					"@executable_path/Frameworks",
				);
				MARKETING_VERSION = 1.0;
				PRODUCT_BUNDLE_IDENTIFIER = Adam.PickAndPay;
				PRODUCT_NAME = "$(TARGET_NAME)";
				SWIFT_EMIT_LOC_STRINGS = YES;
				SWIFT_VERSION = 5.0;
				TARGETED_DEVICE_FAMILY = "1,2";
			};
			name = Debug;
		};
		84C14B01286B94F7006BE029 /* Release */ = {
			isa = XCBuildConfiguration;
			buildSettings = {
				ASSETCATALOG_COMPILER_APPICON_NAME = AppIcon;
				ASSETCATALOG_COMPILER_GLOBAL_ACCENT_COLOR_NAME = AccentColor;
				CODE_SIGN_STYLE = Automatic;
				CURRENT_PROJECT_VERSION = 1;
				DEVELOPMENT_TEAM = P2DNVYD8J6;
				GENERATE_INFOPLIST_FILE = YES;
				INFOPLIST_FILE = PickAndPay/Info.plist;
				INFOPLIST_KEY_UIApplicationSupportsIndirectInputEvents = YES;
				INFOPLIST_KEY_UILaunchStoryboardName = LaunchScreen;
				INFOPLIST_KEY_UIMainStoryboardFile = TabController;
				INFOPLIST_KEY_UISupportedInterfaceOrientations_iPad = "UIInterfaceOrientationPortrait UIInterfaceOrientationPortraitUpsideDown UIInterfaceOrientationLandscapeLeft UIInterfaceOrientationLandscapeRight";
				INFOPLIST_KEY_UISupportedInterfaceOrientations_iPhone = "UIInterfaceOrientationPortrait UIInterfaceOrientationLandscapeLeft UIInterfaceOrientationLandscapeRight";
				LD_RUNPATH_SEARCH_PATHS = (
					"$(inherited)",
					"@executable_path/Frameworks",
				);
				MARKETING_VERSION = 1.0;
				PRODUCT_BUNDLE_IDENTIFIER = Adam.PickAndPay;
				PRODUCT_NAME = "$(TARGET_NAME)";
				SWIFT_EMIT_LOC_STRINGS = YES;
				SWIFT_VERSION = 5.0;
				TARGETED_DEVICE_FAMILY = "1,2";
			};
			name = Release;
		};
		84C14B03286B94F7006BE029 /* Debug */ = {
			isa = XCBuildConfiguration;
			buildSettings = {
				ALWAYS_EMBED_SWIFT_STANDARD_LIBRARIES = YES;
				BUNDLE_LOADER = "$(TEST_HOST)";
				CODE_SIGN_STYLE = Automatic;
				CURRENT_PROJECT_VERSION = 1;
				DEVELOPMENT_TEAM = P2DNVYD8J6;
				GENERATE_INFOPLIST_FILE = YES;
				IPHONEOS_DEPLOYMENT_TARGET = 15.4;
				MARKETING_VERSION = 1.0;
				PRODUCT_BUNDLE_IDENTIFIER = Adam.PickAndPayTests;
				PRODUCT_NAME = "$(TARGET_NAME)";
				SWIFT_EMIT_LOC_STRINGS = NO;
				SWIFT_VERSION = 5.0;
				TARGETED_DEVICE_FAMILY = "1,2";
				TEST_HOST = "$(BUILT_PRODUCTS_DIR)/PickAndPay.app/PickAndPay";
			};
			name = Debug;
		};
		84C14B04286B94F7006BE029 /* Release */ = {
			isa = XCBuildConfiguration;
			buildSettings = {
				ALWAYS_EMBED_SWIFT_STANDARD_LIBRARIES = YES;
				BUNDLE_LOADER = "$(TEST_HOST)";
				CODE_SIGN_STYLE = Automatic;
				CURRENT_PROJECT_VERSION = 1;
				DEVELOPMENT_TEAM = P2DNVYD8J6;
				GENERATE_INFOPLIST_FILE = YES;
				IPHONEOS_DEPLOYMENT_TARGET = 15.4;
				MARKETING_VERSION = 1.0;
				PRODUCT_BUNDLE_IDENTIFIER = Adam.PickAndPayTests;
				PRODUCT_NAME = "$(TARGET_NAME)";
				SWIFT_EMIT_LOC_STRINGS = NO;
				SWIFT_VERSION = 5.0;
				TARGETED_DEVICE_FAMILY = "1,2";
				TEST_HOST = "$(BUILT_PRODUCTS_DIR)/PickAndPay.app/PickAndPay";
			};
			name = Release;
		};
		84C14B06286B94F7006BE029 /* Debug */ = {
			isa = XCBuildConfiguration;
			buildSettings = {
				ALWAYS_EMBED_SWIFT_STANDARD_LIBRARIES = YES;
				CODE_SIGN_STYLE = Automatic;
				CURRENT_PROJECT_VERSION = 1;
				DEVELOPMENT_TEAM = P2DNVYD8J6;
				GENERATE_INFOPLIST_FILE = YES;
				MARKETING_VERSION = 1.0;
				PRODUCT_BUNDLE_IDENTIFIER = Adam.PickAndPayUITests;
				PRODUCT_NAME = "$(TARGET_NAME)";
				SWIFT_EMIT_LOC_STRINGS = NO;
				SWIFT_VERSION = 5.0;
				TARGETED_DEVICE_FAMILY = "1,2";
				TEST_TARGET_NAME = PickAndPay;
			};
			name = Debug;
		};
		84C14B07286B94F7006BE029 /* Release */ = {
			isa = XCBuildConfiguration;
			buildSettings = {
				ALWAYS_EMBED_SWIFT_STANDARD_LIBRARIES = YES;
				CODE_SIGN_STYLE = Automatic;
				CURRENT_PROJECT_VERSION = 1;
				DEVELOPMENT_TEAM = P2DNVYD8J6;
				GENERATE_INFOPLIST_FILE = YES;
				MARKETING_VERSION = 1.0;
				PRODUCT_BUNDLE_IDENTIFIER = Adam.PickAndPayUITests;
				PRODUCT_NAME = "$(TARGET_NAME)";
				SWIFT_EMIT_LOC_STRINGS = NO;
				SWIFT_VERSION = 5.0;
				TARGETED_DEVICE_FAMILY = "1,2";
				TEST_TARGET_NAME = PickAndPay;
			};
			name = Release;
		};
/* End XCBuildConfiguration section */

/* Begin XCConfigurationList section */
		84C14ACD286B94F6006BE029 /* Build configuration list for PBXProject "PickAndPay" */ = {
			isa = XCConfigurationList;
			buildConfigurations = (
				84C14AFD286B94F7006BE029 /* Debug */,
				84C14AFE286B94F7006BE029 /* Release */,
			);
			defaultConfigurationIsVisible = 0;
			defaultConfigurationName = Release;
		};
		84C14AFF286B94F7006BE029 /* Build configuration list for PBXNativeTarget "PickAndPay" */ = {
			isa = XCConfigurationList;
			buildConfigurations = (
				84C14B00286B94F7006BE029 /* Debug */,
				84C14B01286B94F7006BE029 /* Release */,
			);
			defaultConfigurationIsVisible = 0;
			defaultConfigurationName = Release;
		};
		84C14B02286B94F7006BE029 /* Build configuration list for PBXNativeTarget "PickAndPayTests" */ = {
			isa = XCConfigurationList;
			buildConfigurations = (
				84C14B03286B94F7006BE029 /* Debug */,
				84C14B04286B94F7006BE029 /* Release */,
			);
			defaultConfigurationIsVisible = 0;
			defaultConfigurationName = Release;
		};
		84C14B05286B94F7006BE029 /* Build configuration list for PBXNativeTarget "PickAndPayUITests" */ = {
			isa = XCConfigurationList;
			buildConfigurations = (
				84C14B06286B94F7006BE029 /* Debug */,
				84C14B07286B94F7006BE029 /* Release */,
			);
			defaultConfigurationIsVisible = 0;
			defaultConfigurationName = Release;
		};
/* End XCConfigurationList section */

/* Begin XCVersionGroup section */
		84C14ADE286B94F6006BE029 /* PickAndPay.xcdatamodeld */ = {
			isa = XCVersionGroup;
			children = (
				84C14ADF286B94F6006BE029 /* PickAndPay.xcdatamodel */,
			);
			currentVersion = 84C14ADF286B94F6006BE029 /* PickAndPay.xcdatamodel */;
			path = PickAndPay.xcdatamodeld;
			sourceTree = "<group>";
			versionGroupType = wrapper.xcdatamodel;
		};
/* End XCVersionGroup section */
	};
	rootObject = 84C14ACA286B94F6006BE029 /* Project object */;
}
